// !$*UTF8*$!
{
	archiveVersion = 1;
	classes = {
	};
	objectVersion = 50;
	objects = {

/* Begin PBXBuildFile section */
		99C189C485232CB1E2254E73 /* libPods-GDPLimitTextView.a in Frameworks */ = {isa = PBXBuildFile; fileRef = CDD0CFEE812FB0658AC7BEAB /* libPods-GDPLimitTextView.a */; };
		FEB95CE620B6B82000A16CD1 /* AppDelegate.m in Sources */ = {isa = PBXBuildFile; fileRef = FEB95CE520B6B82000A16CD1 /* AppDelegate.m */; };
		FEB95CE920B6B82000A16CD1 /* ViewController.m in Sources */ = {isa = PBXBuildFile; fileRef = FEB95CE820B6B82000A16CD1 /* ViewController.m */; };
		FEB95CEC20B6B82000A16CD1 /* Main.storyboard in Resources */ = {isa = PBXBuildFile; fileRef = FEB95CEA20B6B82000A16CD1 /* Main.storyboard */; };
		FEB95CEE20B6B82100A16CD1 /* Assets.xcassets in Resources */ = {isa = PBXBuildFile; fileRef = FEB95CED20B6B82100A16CD1 /* Assets.xcassets */; };
		FEB95CF120B6B82100A16CD1 /* LaunchScreen.storyboard in Resources */ = {isa = PBXBuildFile; fileRef = FEB95CEF20B6B82100A16CD1 /* LaunchScreen.storyboard */; };
		FEB95CF420B6B82100A16CD1 /* main.m in Sources */ = {isa = PBXBuildFile; fileRef = FEB95CF320B6B82100A16CD1 /* main.m */; };
		FEE75DE220B6BDC3007E2F78 /* GDPLimitTextView.m in Sources */ = {isa = PBXBuildFile; fileRef = FEE75DE120B6BDC3007E2F78 /* GDPLimitTextView.m */; };
/* End PBXBuildFile section */

/* Begin PBXFileReference section */
		94FFA7BA1520091753B549D7 /* Pods-GDPLimitTextView.release.xcconfig */ = {isa = PBXFileReference; includeInIndex = 1; lastKnownFileType = text.xcconfig; name = "Pods-GDPLimitTextView.release.xcconfig"; path = "Pods/Target Support Files/Pods-GDPLimitTextView/Pods-GDPLimitTextView.release.xcconfig"; sourceTree = "<group>"; };
		CDD0CFEE812FB0658AC7BEAB /* libPods-GDPLimitTextView.a */ = {isa = PBXFileReference; explicitFileType = archive.ar; includeInIndex = 0; path = "libPods-GDPLimitTextView.a"; sourceTree = BUILT_PRODUCTS_DIR; };
		E8C31DBBDC65FF1642A31600 /* Pods-GDPLimitTextView.debug.xcconfig */ = {isa = PBXFileReference; includeInIndex = 1; lastKnownFileType = text.xcconfig; name = "Pods-GDPLimitTextView.debug.xcconfig"; path = "Pods/Target Support Files/Pods-GDPLimitTextView/Pods-GDPLimitTextView.debug.xcconfig"; sourceTree = "<group>"; };
		FEB95CE120B6B82000A16CD1 /* GDPLimitTextView.app */ = {isa = PBXFileReference; explicitFileType = wrapper.application; includeInIndex = 0; path = GDPLimitTextView.app; sourceTree = BUILT_PRODUCTS_DIR; };
		FEB95CE420B6B82000A16CD1 /* AppDelegate.h */ = {isa = PBXFileReference; lastKnownFileType = sourcecode.c.h; path = AppDelegate.h; sourceTree = "<group>"; };
		FEB95CE520B6B82000A16CD1 /* AppDelegate.m */ = {isa = PBXFileReference; lastKnownFileType = sourcecode.c.objc; path = AppDelegate.m; sourceTree = "<group>"; };
		FEB95CE720B6B82000A16CD1 /* ViewController.h */ = {isa = PBXFileReference; lastKnownFileType = sourcecode.c.h; path = ViewController.h; sourceTree = "<group>"; };
		FEB95CE820B6B82000A16CD1 /* ViewController.m */ = {isa = PBXFileReference; lastKnownFileType = sourcecode.c.objc; path = ViewController.m; sourceTree = "<group>"; };
		FEB95CEB20B6B82000A16CD1 /* Base */ = {isa = PBXFileReference; lastKnownFileType = file.storyboard; name = Base; path = Base.lproj/Main.storyboard; sourceTree = "<group>"; };
		FEB95CED20B6B82100A16CD1 /* Assets.xcassets */ = {isa = PBXFileReference; lastKnownFileType = folder.assetcatalog; path = Assets.xcassets; sourceTree = "<group>"; };
		FEB95CF020B6B82100A16CD1 /* Base */ = {isa = PBXFileReference; lastKnownFileType = file.storyboard; name = Base; path = Base.lproj/LaunchScreen.storyboard; sourceTree = "<group>"; };
		FEB95CF220B6B82100A16CD1 /* Info.plist */ = {isa = PBXFileReference; lastKnownFileType = text.plist.xml; path = Info.plist; sourceTree = "<group>"; };
		FEB95CF320B6B82100A16CD1 /* main.m */ = {isa = PBXFileReference; lastKnownFileType = sourcecode.c.objc; path = main.m; sourceTree = "<group>"; };
		FEE75DDF20B6BDC3007E2F78 /* GDPLimitTextviewConstant.h */ = {isa = PBXFileReference; fileEncoding = 4; lastKnownFileType = sourcecode.c.h; path = GDPLimitTextviewConstant.h; sourceTree = "<group>"; };
		FEE75DE020B6BDC3007E2F78 /* GDPLimitTextView.h */ = {isa = PBXFileReference; fileEncoding = 4; lastKnownFileType = sourcecode.c.h; path = GDPLimitTextView.h; sourceTree = "<group>"; };
		FEE75DE120B6BDC3007E2F78 /* GDPLimitTextView.m */ = {isa = PBXFileReference; fileEncoding = 4; lastKnownFileType = sourcecode.c.objc; path = GDPLimitTextView.m; sourceTree = "<group>"; };
/* End PBXFileReference section */

/* Begin PBXFrameworksBuildPhase section */
		FEB95CDE20B6B82000A16CD1 /* Frameworks */ = {
			isa = PBXFrameworksBuildPhase;
			buildActionMask = 2147483647;
			files = (
				99C189C485232CB1E2254E73 /* libPods-GDPLimitTextView.a in Frameworks */,
			);
			runOnlyForDeploymentPostprocessing = 0;
		};
/* End PBXFrameworksBuildPhase section */

/* Begin PBXGroup section */
		181588A5039366978E85ECF1 /* Pods */ = {
			isa = PBXGroup;
			children = (
				E8C31DBBDC65FF1642A31600 /* Pods-GDPLimitTextView.debug.xcconfig */,
				94FFA7BA1520091753B549D7 /* Pods-GDPLimitTextView.release.xcconfig */,
			);
			name = Pods;
			sourceTree = "<group>";
		};
		EC734F5B15451E43D7A1F2FB /* Frameworks */ = {
			isa = PBXGroup;
			children = (
				CDD0CFEE812FB0658AC7BEAB /* libPods-GDPLimitTextView.a */,
			);
			name = Frameworks;
			sourceTree = "<group>";
		};
		FEB95CD820B6B82000A16CD1 = {
			isa = PBXGroup;
			children = (
				FEB95CE320B6B82000A16CD1 /* GDPLimitTextView */,
				FEB95CE220B6B82000A16CD1 /* Products */,
				181588A5039366978E85ECF1 /* Pods */,
				EC734F5B15451E43D7A1F2FB /* Frameworks */,
			);
			sourceTree = "<group>";
		};
		FEB95CE220B6B82000A16CD1 /* Products */ = {
			isa = PBXGroup;
			children = (
				FEB95CE120B6B82000A16CD1 /* GDPLimitTextView.app */,
			);
			name = Products;
			sourceTree = "<group>";
		};
		FEB95CE320B6B82000A16CD1 /* GDPLimitTextView */ = {
			isa = PBXGroup;
			children = (
				FEE75DDE20B6BDC3007E2F78 /* GDPLimitTextView */,
				FEB95CE420B6B82000A16CD1 /* AppDelegate.h */,
				FEB95CE520B6B82000A16CD1 /* AppDelegate.m */,
				FEB95CE720B6B82000A16CD1 /* ViewController.h */,
				FEB95CE820B6B82000A16CD1 /* ViewController.m */,
				FEB95CEA20B6B82000A16CD1 /* Main.storyboard */,
				FEB95CED20B6B82100A16CD1 /* Assets.xcassets */,
				FEB95CEF20B6B82100A16CD1 /* LaunchScreen.storyboard */,
				FEB95CF220B6B82100A16CD1 /* Info.plist */,
				FEB95CF320B6B82100A16CD1 /* main.m */,
			);
			path = GDPLimitTextView;
			sourceTree = "<group>";
		};
		FEE75DDE20B6BDC3007E2F78 /* GDPLimitTextView */ = {
			isa = PBXGroup;
			children = (
				FEE75DDF20B6BDC3007E2F78 /* GDPLimitTextviewConstant.h */,
				FEE75DE020B6BDC3007E2F78 /* GDPLimitTextView.h */,
				FEE75DE120B6BDC3007E2F78 /* GDPLimitTextView.m */,
			);
			path = GDPLimitTextView;
			sourceTree = "<group>";
		};
/* End PBXGroup section */

/* Begin PBXNativeTarget section */
		FEB95CE020B6B82000A16CD1 /* GDPLimitTextView */ = {
			isa = PBXNativeTarget;
			buildConfigurationList = FEB95CF720B6B82100A16CD1 /* Build configuration list for PBXNativeTarget "GDPLimitTextView" */;
			buildPhases = (
				EF7637C608ACF9288D0633AD /* [CP] Check Pods Manifest.lock */,
				FEB95CDD20B6B82000A16CD1 /* Sources */,
				FEB95CDE20B6B82000A16CD1 /* Frameworks */,
				FEB95CDF20B6B82000A16CD1 /* Resources */,
			);
			buildRules = (
			);
			dependencies = (
			);
			name = GDPLimitTextView;
			productName = GDPLimitTextView;
			productReference = FEB95CE120B6B82000A16CD1 /* GDPLimitTextView.app */;
			productType = "com.apple.product-type.application";
		};
/* End PBXNativeTarget section */

/* Begin PBXProject section */
		FEB95CD920B6B82000A16CD1 /* Project object */ = {
			isa = PBXProject;
			attributes = {
				LastUpgradeCheck = 0930;
				ORGANIZATIONNAME = sunmumu;
				TargetAttributes = {
					FEB95CE020B6B82000A16CD1 = {
						CreatedOnToolsVersion = 9.3.1;
					};
				};
			};
			buildConfigurationList = FEB95CDC20B6B82000A16CD1 /* Build configuration list for PBXProject "GDPLimitTextView" */;
			compatibilityVersion = "Xcode 9.3";
			developmentRegion = en;
			hasScannedForEncodings = 0;
			knownRegions = (
				en,
				Base,
			);
			mainGroup = FEB95CD820B6B82000A16CD1;
			productRefGroup = FEB95CE220B6B82000A16CD1 /* Products */;
			projectDirPath = "";
			projectRoot = "";
			targets = (
				FEB95CE020B6B82000A16CD1 /* GDPLimitTextView */,
			);
		};
/* End PBXProject section */

/* Begin PBXResourcesBuildPhase section */
		FEB95CDF20B6B82000A16CD1 /* Resources */ = {
			isa = PBXResourcesBuildPhase;
			buildActionMask = 2147483647;
			files = (
				FEB95CF120B6B82100A16CD1 /* LaunchScreen.storyboard in Resources */,
				FEB95CEE20B6B82100A16CD1 /* Assets.xcassets in Resources */,
				FEB95CEC20B6B82000A16CD1 /* Main.storyboard in Resources */,
			);
			runOnlyForDeploymentPostprocessing = 0;
		};
/* End PBXResourcesBuildPhase section */

/* Begin PBXShellScriptBuildPhase section */
		EF7637C608ACF9288D0633AD /* [CP] Check Pods Manifest.lock */ = {
			isa = PBXShellScriptBuildPhase;
			buildActionMask = 2147483647;
			files = (
			);
			inputPaths = (
				"${PODS_PODFILE_DIR_PATH}/Podfile.lock",
				"${PODS_ROOT}/Manifest.lock",
			);
			name = "[CP] Check Pods Manifest.lock";
			outputPaths = (
				"$(DERIVED_FILE_DIR)/Pods-GDPLimitTextView-checkManifestLockResult.txt",
			);
			runOnlyForDeploymentPostprocessing = 0;
			shellPath = /bin/sh;
			shellScript = "diff \"${PODS_PODFILE_DIR_PATH}/Podfile.lock\" \"${PODS_ROOT}/Manifest.lock\" > /dev/null\nif [ $? != 0 ] ; then\n    # print error to STDERR\n    echo \"error: The sandbox is not in sync with the Podfile.lock. Run 'pod install' or update your CocoaPods installation.\" >&2\n    exit 1\nfi\n# This output is used by Xcode 'outputs' to avoid re-running this script phase.\necho \"SUCCESS\" > \"${SCRIPT_OUTPUT_FILE_0}\"\n";
			showEnvVarsInLog = 0;
		};
/* End PBXShellScriptBuildPhase section */

/* Begin PBXSourcesBuildPhase section */
		FEB95CDD20B6B82000A16CD1 /* Sources */ = {
			isa = PBXSourcesBuildPhase;
			buildActionMask = 2147483647;
			files = (
				FEB95CE920B6B82000A16CD1 /* ViewController.m in Sources */,
				FEB95CF420B6B82100A16CD1 /* main.m in Sources */,
				FEB95CE620B6B82000A16CD1 /* AppDelegate.m in Sources */,
				FEE75DE220B6BDC3007E2F78 /* GDPLimitTextView.m in Sources */,
			);
			runOnlyForDeploymentPostprocessing = 0;
		};
/* End PBXSourcesBuildPhase section */

/* Begin PBXVariantGroup section */
		FEB95CEA20B6B82000A16CD1 /* Main.storyboard */ = {
			isa = PBXVariantGroup;
			children = (
				FEB95CEB20B6B82000A16CD1 /* Base */,
			);
			name = Main.storyboard;
			sourceTree = "<group>";
		};
		FEB95CEF20B6B82100A16CD1 /* LaunchScreen.storyboard */ = {
			isa = PBXVariantGroup;
			children = (
				FEB95CF020B6B82100A16CD1 /* Base */,
			);
			name = LaunchScreen.storyboard;
			sourceTree = "<group>";
		};
/* End PBXVariantGroup section */

/* Begin XCBuildConfiguration section */
		FEB95CF520B6B82100A16CD1 /* Debug */ = {
			isa = XCBuildConfiguration;
			buildSettings = {
				ALWAYS_SEARCH_USER_PATHS = NO;
				CLANG_ANALYZER_NONNULL = YES;
				CLANG_ANALYZER_NUMBER_OBJECT_CONVERSION = YES_AGGRESSIVE;
				CLANG_CXX_LANGUAGE_STANDARD = "gnu++14";
				CLANG_CXX_LIBRARY = "libc++";
				CLANG_ENABLE_MODULES = YES;
				CLANG_ENABLE_OBJC_ARC = YES;
				CLANG_ENABLE_OBJC_WEAK = YES;
				CLANG_WARN_BLOCK_CAPTURE_AUTORELEASING = YES;
				CLANG_WARN_BOOL_CONVERSION = YES;
				CLANG_WARN_COMMA = YES;
				CLANG_WARN_CONSTANT_CONVERSION = YES;
				CLANG_WARN_DEPRECATED_OBJC_IMPLEMENTATIONS = YES;
				CLANG_WARN_DIRECT_OBJC_ISA_USAGE = YES_ERROR;
				CLANG_WARN_DOCUMENTATION_COMMENTS = YES;
				CLANG_WARN_EMPTY_BODY = YES;
				CLANG_WARN_ENUM_CONVERSION = YES;
				CLANG_WARN_INFINITE_RECURSION = YES;
				CLANG_WARN_INT_CONVERSION = YES;
				CLANG_WARN_NON_LITERAL_NULL_CONVERSION = YES;
				CLANG_WARN_OBJC_IMPLICIT_RETAIN_SELF = YES;
				CLANG_WARN_OBJC_LITERAL_CONVERSION = YES;
				CLANG_WARN_OBJC_ROOT_CLASS = YES_ERROR;
				CLANG_WARN_RANGE_LOOP_ANALYSIS = YES;
				CLANG_WARN_STRICT_PROTOTYPES = YES;
				CLANG_WARN_SUSPICIOUS_MOVE = YES;
				CLANG_WARN_UNGUARDED_AVAILABILITY = YES_AGGRESSIVE;
				CLANG_WARN_UNREACHABLE_CODE = YES;
				CLANG_WARN__DUPLICATE_METHOD_MATCH = YES;
				CODE_SIGN_IDENTITY = "iPhone Developer";
				COPY_PHASE_STRIP = NO;
				DEBUG_INFORMATION_FORMAT = dwarf;
				ENABLE_STRICT_OBJC_MSGSEND = YES;
				ENABLE_TESTABILITY = YES;
				GCC_C_LANGUAGE_STANDARD = gnu11;
				GCC_DYNAMIC_NO_PIC = NO;
				GCC_NO_COMMON_BLOCKS = YES;
				GCC_OPTIMIZATION_LEVEL = 0;
				GCC_PREPROCESSOR_DEFINITIONS = (
					"DEBUG=1",
					"$(inherited)",
				);
				GCC_WARN_64_TO_32_BIT_CONVERSION = YES;
				GCC_WARN_ABOUT_RETURN_TYPE = YES_ERROR;
				GCC_WARN_UNDECLARED_SELECTOR = YES;
				GCC_WARN_UNINITIALIZED_AUTOS = YES_AGGRESSIVE;
				GCC_WARN_UNUSED_FUNCTION = YES;
				GCC_WARN_UNUSED_VARIABLE = YES;
				IPHONEOS_DEPLOYMENT_TARGET = 9.0;
				MTL_ENABLE_DEBUG_INFO = YES;
				ONLY_ACTIVE_ARCH = YES;
				SDKROOT = iphoneos;
			};
			name = Debug;
		};
		FEB95CF620B6B82100A16CD1 /* Release */ = {
			isa = XCBuildConfiguration;
			buildSettings = {
				ALWAYS_SEARCH_USER_PATHS = NO;
				CLANG_ANALYZER_NONNULL = YES;
				CLANG_ANALYZER_NUMBER_OBJECT_CONVERSION = YES_AGGRESSIVE;
				CLANG_CXX_LANGUAGE_STANDARD = "gnu++14";
				CLANG_CXX_LIBRARY = "libc++";
				CLANG_ENABLE_MODULES = YES;
				CLANG_ENABLE_OBJC_ARC = YES;
				CLANG_ENABLE_OBJC_WEAK = YES;
				CLANG_WARN_BLOCK_CAPTURE_AUTORELEASING = YES;
				CLANG_WARN_BOOL_CONVERSION = YES;
				CLANG_WARN_COMMA = YES;
				CLANG_WARN_CONSTANT_CONVERSION = YES;
				CLANG_WARN_DEPRECATED_OBJC_IMPLEMENTATIONS = YES;
				CLANG_WARN_DIRECT_OBJC_ISA_USAGE = YES_ERROR;
				CLANG_WARN_DOCUMENTATION_COMMENTS = YES;
				CLANG_WARN_EMPTY_BODY = YES;
				CLANG_WARN_ENUM_CONVERSION = YES;
				CLANG_WARN_INFINITE_RECURSION = YES;
				CLANG_WARN_INT_CONVERSION = YES;
				CLANG_WARN_NON_LITERAL_NULL_CONVERSION = YES;
				CLANG_WARN_OBJC_IMPLICIT_RETAIN_SELF = YES;
				CLANG_WARN_OBJC_LITERAL_CONVERSION = YES;
				CLANG_WARN_OBJC_ROOT_CLASS = YES_ERROR;
				CLANG_WARN_RANGE_LOOP_ANALYSIS = YES;
				CLANG_WARN_STRICT_PROTOTYPES = YES;
				CLANG_WARN_SUSPICIOUS_MOVE = YES;
				CLANG_WARN_UNGUARDED_AVAILABILITY = YES_AGGRESSIVE;
				CLANG_WARN_UNREACHABLE_CODE = YES;
				CLANG_WARN__DUPLICATE_METHOD_MATCH = YES;
				CODE_SIGN_IDENTITY = "iPhone Developer";
				COPY_PHASE_STRIP = NO;
				DEBUG_INFORMATION_FORMAT = "dwarf-with-dsym";
				ENABLE_NS_ASSERTIONS = NO;
				ENABLE_STRICT_OBJC_MSGSEND = YES;
				GCC_C_LANGUAGE_STANDARD = gnu11;
				GCC_NO_COMMON_BLOCKS = YES;
				GCC_WARN_64_TO_32_BIT_CONVERSION = YES;
				GCC_WARN_ABOUT_RETURN_TYPE = YES_ERROR;
				GCC_WARN_UNDECLARED_SELECTOR = YES;
				GCC_WARN_UNINITIALIZED_AUTOS = YES_AGGRESSIVE;
				GCC_WARN_UNUSED_FUNCTION = YES;
				GCC_WARN_UNUSED_VARIABLE = YES;
				IPHONEOS_DEPLOYMENT_TARGET = 9.0;
				MTL_ENABLE_DEBUG_INFO = NO;
				SDKROOT = iphoneos;
				VALIDATE_PRODUCT = YES;
			};
			name = Release;
		};
		FEB95CF820B6B82100A16CD1 /* Debug */ = {
			isa = XCBuildConfiguration;
			baseConfigurationReference = E8C31DBBDC65FF1642A31600 /* Pods-GDPLimitTextView.debug.xcconfig */;
			buildSettings = {
				ASSETCATALOG_COMPILER_APPICON_NAME = AppIcon;
				CODE_SIGN_STYLE = Automatic;
				DEVELOPMENT_TEAM = 475QH33KPT;
				INFOPLIST_FILE = GDPLimitTextView/Info.plist;
				LD_RUNPATH_SEARCH_PATHS = (
					"$(inherited)",
					"@executable_path/Frameworks",
				);
				PRODUCT_BUNDLE_IDENTIFIER = GDPLimitTextView.GDPLimitTextView;
				PRODUCT_NAME = "$(TARGET_NAME)";
				TARGETED_DEVICE_FAMILY = "1,2";
			};
			name = Debug;
		};
		FEB95CF920B6B82100A16CD1 /* Release */ = {
			isa = XCBuildConfiguration;
			baseConfigurationReference = 94FFA7BA1520091753B549D7 /* Pods-GDPLimitTextView.release.xcconfig */;
			buildSettings = {
				ASSETCATALOG_COMPILER_APPICON_NAME = AppIcon;
				CODE_SIGN_STYLE = Automatic;
				DEVELOPMENT_TEAM = 475QH33KPT;
				INFOPLIST_FILE = GDPLimitTextView/Info.plist;
				LD_RUNPATH_SEARCH_PATHS = (
					"$(inherited)",
					"@executable_path/Frameworks",
				);
				PRODUCT_BUNDLE_IDENTIFIER = GDPLimitTextView.GDPLimitTextView;
				PRODUCT_NAME = "$(TARGET_NAME)";
				TARGETED_DEVICE_FAMILY = "1,2";
			};
			name = Release;
		};
/* End XCBuildConfiguration section */

/* Begin XCConfigurationList section */
		FEB95CDC20B6B82000A16CD1 /* Build configuration list for PBXProject "GDPLimitTextView" */ = {
			isa = XCConfigurationList;
			buildConfigurations = (
				FEB95CF520B6B82100A16CD1 /* Debug */,
				FEB95CF620B6B82100A16CD1 /* Release */,
			);
			defaultConfigurationIsVisible = 0;
			defaultConfigurationName = Release;
		};
		FEB95CF720B6B82100A16CD1 /* Build configuration list for PBXNativeTarget "GDPLimitTextView" */ = {
			isa = XCConfigurationList;
			buildConfigurations = (
				FEB95CF820B6B82100A16CD1 /* Debug */,
				FEB95CF920B6B82100A16CD1 /* Release */,
			);
			defaultConfigurationIsVisible = 0;
			defaultConfigurationName = Release;
		};
/* End XCConfigurationList section */
	};
	rootObject = FEB95CD920B6B82000A16CD1 /* Project object */;
}
